
Microsoft Visual Studio Solution File, Format Version 12.00
# Visual Studio Version 16
VisualStudioVersion = 16.0.31112.23
MinimumVisualStudioVersion = 10.0.40219.1
Project("{9A19103F-16F7-4668-BE54-9A1E7A4F7556}") = "FirstProject", "FirstProject\FirstProject.csproj", "{5A991C3F-08AE-4EF8-AC24-05AF648216AB}"
EndProject
Project("{9A19103F-16F7-4668-BE54-9A1E7A4F7556}") = "Excercises", "Excercises\Excercises.csproj", "{1A26966E-08EA-4FF9-906B-8094F6DF5DF9}"
EndProject
Project("{9A19103F-16F7-4668-BE54-9A1E7A4F7556}") = "CoolStuffInCSharp", "CoolStuffInCSharp\CoolStuffInCSharp.csproj", "{AD489122-E79F-4DB0-85EE-349BB18F6BEF}"
EndProject
Project("{9A19103F-16F7-4668-BE54-9A1E7A4F7556}") = "ObjectOrientedProgrammingBasics", "ObjectOrientedProgrammingBasics\ObjectOrientedProgrammingBasics.csproj", "{160F72BF-22FD-44F0-AA67-AE1B8089022A}"
EndProject
Project("{FAE04EC0-301F-11D3-BF4B-00C04F79EFBC}") = "ObjectOrientedProgrammingContinuation", "ObjectOrientedProgrammingContinuation\ObjectOrientedProgrammingContinuation.csproj", "{26D018F7-E3B0-4697-AA14-4EA9846FA95E}"
EndProject
Global
	GlobalSection(SolutionConfigurationPlatforms) = preSolution
		Debug|Any CPU = Debug|Any CPU
		Release|Any CPU = Release|Any CPU
	EndGlobalSection
	GlobalSection(ProjectConfigurationPlatforms) = postSolution
		{5A991C3F-08AE-4EF8-AC24-05AF648216AB}.Debug|Any CPU.ActiveCfg = Debug|Any CPU
		{5A991C3F-08AE-4EF8-AC24-05AF648216AB}.Debug|Any CPU.Build.0 = Debug|Any CPU
		{5A991C3F-08AE-4EF8-AC24-05AF648216AB}.Release|Any CPU.ActiveCfg = Release|Any CPU
		{5A991C3F-08AE-4EF8-AC24-05AF648216AB}.Release|Any CPU.Build.0 = Release|Any CPU
		{1A26966E-08EA-4FF9-906B-8094F6DF5DF9}.Debug|Any CPU.ActiveCfg = Debug|Any CPU
		{1A26966E-08EA-4FF9-906B-8094F6DF5DF9}.Debug|Any CPU.Build.0 = Debug|Any CPU
		{1A26966E-08EA-4FF9-906B-8094F6DF5DF9}.Release|Any CPU.ActiveCfg = Release|Any CPU
		{1A26966E-08EA-4FF9-906B-8094F6DF5DF9}.Release|Any CPU.Build.0 = Release|Any CPU
		{AD489122-E79F-4DB0-85EE-349BB18F6BEF}.Debug|Any CPU.ActiveCfg = Debug|Any CPU
		{AD489122-E79F-4DB0-85EE-349BB18F6BEF}.Debug|Any CPU.Build.0 = Debug|Any CPU
		{AD489122-E79F-4DB0-85EE-349BB18F6BEF}.Release|Any CPU.ActiveCfg = Release|Any CPU
		{AD489122-E79F-4DB0-85EE-349BB18F6BEF}.Release|Any CPU.Build.0 = Release|Any CPU
		{160F72BF-22FD-44F0-AA67-AE1B8089022A}.Debug|Any CPU.ActiveCfg = Debug|Any CPU
		{160F72BF-22FD-44F0-AA67-AE1B8089022A}.Debug|Any CPU.Build.0 = Debug|Any CPU
		{160F72BF-22FD-44F0-AA67-AE1B8089022A}.Release|Any CPU.ActiveCfg = Release|Any CPU
		{160F72BF-22FD-44F0-AA67-AE1B8089022A}.Release|Any CPU.Build.0 = Release|Any CPU
		{26D018F7-E3B0-4697-AA14-4EA9846FA95E}.Debug|Any CPU.ActiveCfg = Debug|Any CPU
		{26D018F7-E3B0-4697-AA14-4EA9846FA95E}.Debug|Any CPU.Build.0 = Debug|Any CPU
		{26D018F7-E3B0-4697-AA14-4EA9846FA95E}.Release|Any CPU.ActiveCfg = Release|Any CPU
		{26D018F7-E3B0-4697-AA14-4EA9846FA95E}.Release|Any CPU.Build.0 = Release|Any CPU
	EndGlobalSection
	GlobalSection(SolutionProperties) = preSolution
		HideSolutionNode = FALSE
	EndGlobalSection
	GlobalSection(ExtensibilityGlobals) = postSolution
		SolutionGuid = {103AA17A-B302-4441-B819-48C644DBF3A1}
	EndGlobalSection
EndGlobal
